
Microsoft Visual Studio Solution File, Format Version 12.00
# Visual Studio Version 17
VisualStudioVersion = 17.0.32014.148
MinimumVisualStudioVersion = 10.0.40219.1
Project("{8BC9CEB8-8B4A-11D0-8D11-00A0C91BC942}") = "Homework3", "Homework3\Homework3.vcxproj", "{999A081F-F52C-4341-9C87-0777C59613C4}"
EndProject
Global
	GlobalSection(SolutionConfigurationPlatforms) = preSolution
		Debug|x64 = Debug|x64
		Debug|x86 = Debug|x86
		Release|x64 = Release|x64
		Release|x86 = Release|x86
	EndGlobalSection
	GlobalSection(ProjectConfigurationPlatforms) = postSolution
		{999A081F-F52C-4341-9C87-0777C59613C4}.Debug|x64.ActiveCfg = Debug|x64
		{999A081F-F52C-4341-9C87-0777C59613C4}.Debug|x64.Build.0 = Debug|x64
		{999A081F-F52C-4341-9C87-0777C59613C4}.Debug|x86.ActiveCfg = Debug|Win32
		{999A081F-F52C-4341-9C87-0777C59613C4}.Debug|x86.Build.0 = Debug|Win32
		{999A081F-F52C-4341-9C87-0777C59613C4}.Release|x64.ActiveCfg = Release|x64
		{999A081F-F52C-4341-9C87-0777C59613C4}.Release|x64.Build.0 = Release|x64
		{999A081F-F52C-4341-9C87-0777C59613C4}.Release|x86.ActiveCfg = Release|Win32
		{999A081F-F52C-4341-9C87-0777C59613C4}.Release|x86.Build.0 = Release|Win32
	EndGlobalSection
	GlobalSection(SolutionProperties) = preSolution
		HideSolutionNode = FALSE
	EndGlobalSection
	GlobalSection(ExtensibilityGlobals) = postSolution
		SolutionGuid = {54324206-E652-41B2-966E-7D9A827AA2F9}
	EndGlobalSection
EndGlobal
